
Microsoft Visual Studio Solution File, Format Version 12.00
# Visual Studio Version 16
VisualStudioVersion = 16.0.29424.173
MinimumVisualStudioVersion = 10.0.40219.1
Project("{FAE04EC0-301F-11D3-BF4B-00C04F79EFBC}") = "GrpcService", "GrpcService\GrpcService.csproj", "{99F25FC6-3E87-4C24-9B67-5D3252223CC4}"
EndProject
Project("{FAE04EC0-301F-11D3-BF4B-00C04F79EFBC}") = "GrpcClient", "GrpcClient\GrpcClient.csproj", "{B277C4D7-7C10-46F1-AA22-320A5D7DBD17}"
EndProject
Global
	GlobalSection(SolutionConfigurationPlatforms) = preSolution
		Debug|Any CPU = Debug|Any CPU
		Release|Any CPU = Release|Any CPU
	EndGlobalSection
	GlobalSection(ProjectConfigurationPlatforms) = postSolution
		{99F25FC6-3E87-4C24-9B67-5D3252223CC4}.Debug|Any CPU.ActiveCfg = Debug|Any CPU
		{99F25FC6-3E87-4C24-9B67-5D3252223CC4}.Debug|Any CPU.Build.0 = Debug|Any CPU
		{99F25FC6-3E87-4C24-9B67-5D3252223CC4}.Release|Any CPU.ActiveCfg = Release|Any CPU
		{99F25FC6-3E87-4C24-9B67-5D3252223CC4}.Release|Any CPU.Build.0 = Release|Any CPU
		{B277C4D7-7C10-46F1-AA22-320A5D7DBD17}.Debug|Any CPU.ActiveCfg = Debug|Any CPU
		{B277C4D7-7C10-46F1-AA22-320A5D7DBD17}.Debug|Any CPU.Build.0 = Debug|Any CPU
		{B277C4D7-7C10-46F1-AA22-320A5D7DBD17}.Release|Any CPU.ActiveCfg = Release|Any CPU
		{B277C4D7-7C10-46F1-AA22-320A5D7DBD17}.Release|Any CPU.Build.0 = Release|Any CPU
	EndGlobalSection
	GlobalSection(SolutionProperties) = preSolution
		HideSolutionNode = FALSE
	EndGlobalSection
	GlobalSection(ExtensibilityGlobals) = postSolution
		SolutionGuid = {CAD753DC-7E14-4C9F-9BCA-59A3FFE585FF}
	EndGlobalSection
EndGlobal
